
Microsoft Visual Studio Solution File, Format Version 10.00
# Visual Studio 2008
Project("{FAE04EC0-301F-11D3-BF4B-00C04F79EFBC}") = "FootyLinks.Processes", "FootyLinks.Processes\FootyLinks.Processes.csproj", "{73168A4A-F11A-488D-B36B-C83E3CCEF1AB}"
EndProject
Project("{FAE04EC0-301F-11D3-BF4B-00C04F79EFBC}") = "FootyLinks.Core", "FootyLinks.Core\FootyLinks.Core.csproj", "{F3C87A94-D347-4B79-B083-60561DFB6B3F}"
EndProject
Project("{FAE04EC0-301F-11D3-BF4B-00C04F79EFBC}") = "FootyLinks.Data", "FootyLinks.Data\FootyLinks.Data.csproj", "{4154D8F8-3C88-478A-A65A-CEB3ACD857E3}"
EndProject
Project("{FAE04EC0-301F-11D3-BF4B-00C04F79EFBC}") = "FootyLinks.DatabaseDeployer", "FootyLinks.DatabaseDeployer\FootyLinks.DatabaseDeployer.csproj", "{3EC4FF51-181E-4C78-8BAC-BF8E4E3432F6}"
EndProject
Project("{FAE04EC0-301F-11D3-BF4B-00C04F79EFBC}") = "PlayerScraper.DataImporter", "FootyLinks.DataImporter\PlayerScraper.DataImporter.csproj", "{442D603D-1258-4F54-B8F8-06C9C2A3D9D2}"
EndProject
Global
	GlobalSection(SolutionConfigurationPlatforms) = preSolution
		Debug|Any CPU = Debug|Any CPU
		Release|Any CPU = Release|Any CPU
	EndGlobalSection
	GlobalSection(ProjectConfigurationPlatforms) = postSolution
		{73168A4A-F11A-488D-B36B-C83E3CCEF1AB}.Debug|Any CPU.ActiveCfg = Debug|Any CPU
		{73168A4A-F11A-488D-B36B-C83E3CCEF1AB}.Debug|Any CPU.Build.0 = Debug|Any CPU
		{73168A4A-F11A-488D-B36B-C83E3CCEF1AB}.Release|Any CPU.ActiveCfg = Release|Any CPU
		{73168A4A-F11A-488D-B36B-C83E3CCEF1AB}.Release|Any CPU.Build.0 = Release|Any CPU
		{F3C87A94-D347-4B79-B083-60561DFB6B3F}.Debug|Any CPU.ActiveCfg = Debug|Any CPU
		{F3C87A94-D347-4B79-B083-60561DFB6B3F}.Debug|Any CPU.Build.0 = Debug|Any CPU
		{F3C87A94-D347-4B79-B083-60561DFB6B3F}.Release|Any CPU.ActiveCfg = Release|Any CPU
		{F3C87A94-D347-4B79-B083-60561DFB6B3F}.Release|Any CPU.Build.0 = Release|Any CPU
		{4154D8F8-3C88-478A-A65A-CEB3ACD857E3}.Debug|Any CPU.ActiveCfg = Debug|Any CPU
		{4154D8F8-3C88-478A-A65A-CEB3ACD857E3}.Debug|Any CPU.Build.0 = Debug|Any CPU
		{4154D8F8-3C88-478A-A65A-CEB3ACD857E3}.Release|Any CPU.ActiveCfg = Release|Any CPU
		{4154D8F8-3C88-478A-A65A-CEB3ACD857E3}.Release|Any CPU.Build.0 = Release|Any CPU
		{3EC4FF51-181E-4C78-8BAC-BF8E4E3432F6}.Debug|Any CPU.ActiveCfg = Debug|Any CPU
		{3EC4FF51-181E-4C78-8BAC-BF8E4E3432F6}.Debug|Any CPU.Build.0 = Debug|Any CPU
		{3EC4FF51-181E-4C78-8BAC-BF8E4E3432F6}.Release|Any CPU.ActiveCfg = Release|Any CPU
		{3EC4FF51-181E-4C78-8BAC-BF8E4E3432F6}.Release|Any CPU.Build.0 = Release|Any CPU
		{442D603D-1258-4F54-B8F8-06C9C2A3D9D2}.Debug|Any CPU.ActiveCfg = Debug|Any CPU
		{442D603D-1258-4F54-B8F8-06C9C2A3D9D2}.Debug|Any CPU.Build.0 = Debug|Any CPU
		{442D603D-1258-4F54-B8F8-06C9C2A3D9D2}.Release|Any CPU.ActiveCfg = Release|Any CPU
		{442D603D-1258-4F54-B8F8-06C9C2A3D9D2}.Release|Any CPU.Build.0 = Release|Any CPU
	EndGlobalSection
	GlobalSection(SolutionProperties) = preSolution
		HideSolutionNode = FALSE
	EndGlobalSection
EndGlobal
